
Microsoft Visual Studio Solution File, Format Version 12.00
# Visual Studio Version 17
VisualStudioVersion = 17.14.36121.58
MinimumVisualStudioVersion = 10.0.40219.1
Project("{FAE04EC0-301F-11D3-BF4B-00C04F79EFBC}") = "integer1", "It_run_zadazh\integer1.csproj", "{F965E32B-73E8-48D6-9B91-650D27FB9BA9}"
EndProject
Project("{2150E333-8FDC-42A3-9474-1A3956D46DE8}") = "integer", "integer", "{36D591C7-65C7-A0D1-1CBC-10CDE441BDC8}"
EndProject
Project("{2150E333-8FDC-42A3-9474-1A3956D46DE8}") = "bool", "bool", "{79315DE6-658A-43E8-BDEF-F1EDBF3E9C70}"
EndProject
Project("{2150E333-8FDC-42A3-9474-1A3956D46DE8}") = "for", "for", "{D21CDE9C-C2B0-4963-828D-E642381E45AB}"
EndProject
Project("{FAE04EC0-301F-11D3-BF4B-00C04F79EFBC}") = "integer4", "integer4\integer4.csproj", "{607D16AF-F7A0-4DEA-9632-F3F007995284}"
EndProject
Project("{FAE04EC0-301F-11D3-BF4B-00C04F79EFBC}") = "integer15", "integer15\integer15.csproj", "{E8416377-3857-43C7-9A38-1FCBB1E68311}"
EndProject
Project("{FAE04EC0-301F-11D3-BF4B-00C04F79EFBC}") = "integer19", "integer19\integer19.csproj", "{B1EE8D9E-8C2D-4EBB-B72A-A7F1F0BD4ECC}"
EndProject
Project("{FAE04EC0-301F-11D3-BF4B-00C04F79EFBC}") = "bool1", "bool1\bool1.csproj", "{AB187A3E-2658-44B8-9278-A668A5726371}"
EndProject
Project("{FAE04EC0-301F-11D3-BF4B-00C04F79EFBC}") = "bool23", "bool23\bool23.csproj", "{5DD891EA-DD95-4CB8-A5B3-D2F8F169DF94}"
EndProject
Project("{FAE04EC0-301F-11D3-BF4B-00C04F79EFBC}") = "bool15", "bool15\bool15.csproj", "{879453B0-2F61-4834-A581-43B7A6272F53}"
EndProject
Project("{FAE04EC0-301F-11D3-BF4B-00C04F79EFBC}") = "bool21", "bool21\bool21.csproj", "{A1CF822D-AE10-4428-B04F-06114C878BBA}"
EndProject
Project("{2150E333-8FDC-42A3-9474-1A3956D46DE8}") = "if", "if", "{1FAB9808-8968-407E-A5FF-FA4905B14441}"
EndProject
Project("{2150E333-8FDC-42A3-9474-1A3956D46DE8}") = "begin", "begin", "{5A8D5536-146E-4B8A-8117-A9BB8DD7B70C}"
EndProject
Project("{FAE04EC0-301F-11D3-BF4B-00C04F79EFBC}") = "begin1", "begin1\begin1.csproj", "{B2B89B26-93BC-4E35-A9C9-B537D278589E}"
EndProject
Project("{FAE04EC0-301F-11D3-BF4B-00C04F79EFBC}") = "begin10", "begin10\begin10.csproj", "{547509C4-7D88-491F-B5C7-EB74C967D1FB}"
EndProject
Project("{FAE04EC0-301F-11D3-BF4B-00C04F79EFBC}") = "begin11", "begin11\begin11.csproj", "{B387D120-D863-419F-AE5D-C1F8B555FA86}"
EndProject
Project("{FAE04EC0-301F-11D3-BF4B-00C04F79EFBC}") = "begin23", "begin23\begin23.csproj", "{A6FCC992-32BF-49CA-9C54-307B3BA6ED2F}"
EndProject
Project("{FAE04EC0-301F-11D3-BF4B-00C04F79EFBC}") = "itrun", "itrun\itrun.csproj", "{E1A9AA00-3F26-4C55-8E13-FDC4E4D4C02C}"
EndProject
Project("{FAE04EC0-301F-11D3-BF4B-00C04F79EFBC}") = "menu_whith_do_while", "menu_whith_do_while\menu_whith_do_while.csproj", "{CCC82E77-37F2-44AD-B905-74A9380681A4}"
EndProject
Global
	GlobalSection(SolutionConfigurationPlatforms) = preSolution
		Debug|Any CPU = Debug|Any CPU
		Release|Any CPU = Release|Any CPU
	EndGlobalSection
	GlobalSection(ProjectConfigurationPlatforms) = postSolution
		{F965E32B-73E8-48D6-9B91-650D27FB9BA9}.Debug|Any CPU.ActiveCfg = Debug|Any CPU
		{F965E32B-73E8-48D6-9B91-650D27FB9BA9}.Debug|Any CPU.Build.0 = Debug|Any CPU
		{F965E32B-73E8-48D6-9B91-650D27FB9BA9}.Release|Any CPU.ActiveCfg = Release|Any CPU
		{F965E32B-73E8-48D6-9B91-650D27FB9BA9}.Release|Any CPU.Build.0 = Release|Any CPU
		{607D16AF-F7A0-4DEA-9632-F3F007995284}.Debug|Any CPU.ActiveCfg = Debug|Any CPU
		{607D16AF-F7A0-4DEA-9632-F3F007995284}.Debug|Any CPU.Build.0 = Debug|Any CPU
		{607D16AF-F7A0-4DEA-9632-F3F007995284}.Release|Any CPU.ActiveCfg = Release|Any CPU
		{607D16AF-F7A0-4DEA-9632-F3F007995284}.Release|Any CPU.Build.0 = Release|Any CPU
		{E8416377-3857-43C7-9A38-1FCBB1E68311}.Debug|Any CPU.ActiveCfg = Debug|Any CPU
		{E8416377-3857-43C7-9A38-1FCBB1E68311}.Debug|Any CPU.Build.0 = Debug|Any CPU
		{E8416377-3857-43C7-9A38-1FCBB1E68311}.Release|Any CPU.ActiveCfg = Release|Any CPU
		{E8416377-3857-43C7-9A38-1FCBB1E68311}.Release|Any CPU.Build.0 = Release|Any CPU
		{B1EE8D9E-8C2D-4EBB-B72A-A7F1F0BD4ECC}.Debug|Any CPU.ActiveCfg = Debug|Any CPU
		{B1EE8D9E-8C2D-4EBB-B72A-A7F1F0BD4ECC}.Debug|Any CPU.Build.0 = Debug|Any CPU
		{B1EE8D9E-8C2D-4EBB-B72A-A7F1F0BD4ECC}.Release|Any CPU.ActiveCfg = Release|Any CPU
		{B1EE8D9E-8C2D-4EBB-B72A-A7F1F0BD4ECC}.Release|Any CPU.Build.0 = Release|Any CPU
		{AB187A3E-2658-44B8-9278-A668A5726371}.Debug|Any CPU.ActiveCfg = Debug|Any CPU
		{AB187A3E-2658-44B8-9278-A668A5726371}.Debug|Any CPU.Build.0 = Debug|Any CPU
		{AB187A3E-2658-44B8-9278-A668A5726371}.Release|Any CPU.ActiveCfg = Release|Any CPU
		{AB187A3E-2658-44B8-9278-A668A5726371}.Release|Any CPU.Build.0 = Release|Any CPU
		{5DD891EA-DD95-4CB8-A5B3-D2F8F169DF94}.Debug|Any CPU.ActiveCfg = Debug|Any CPU
		{5DD891EA-DD95-4CB8-A5B3-D2F8F169DF94}.Debug|Any CPU.Build.0 = Debug|Any CPU
		{5DD891EA-DD95-4CB8-A5B3-D2F8F169DF94}.Release|Any CPU.ActiveCfg = Release|Any CPU
		{5DD891EA-DD95-4CB8-A5B3-D2F8F169DF94}.Release|Any CPU.Build.0 = Release|Any CPU
		{879453B0-2F61-4834-A581-43B7A6272F53}.Debug|Any CPU.ActiveCfg = Debug|Any CPU
		{879453B0-2F61-4834-A581-43B7A6272F53}.Debug|Any CPU.Build.0 = Debug|Any CPU
		{879453B0-2F61-4834-A581-43B7A6272F53}.Release|Any CPU.ActiveCfg = Release|Any CPU
		{879453B0-2F61-4834-A581-43B7A6272F53}.Release|Any CPU.Build.0 = Release|Any CPU
		{A1CF822D-AE10-4428-B04F-06114C878BBA}.Debug|Any CPU.ActiveCfg = Debug|Any CPU
		{A1CF822D-AE10-4428-B04F-06114C878BBA}.Debug|Any CPU.Build.0 = Debug|Any CPU
		{A1CF822D-AE10-4428-B04F-06114C878BBA}.Release|Any CPU.ActiveCfg = Release|Any CPU
		{A1CF822D-AE10-4428-B04F-06114C878BBA}.Release|Any CPU.Build.0 = Release|Any CPU
		{B2B89B26-93BC-4E35-A9C9-B537D278589E}.Debug|Any CPU.ActiveCfg = Debug|Any CPU
		{B2B89B26-93BC-4E35-A9C9-B537D278589E}.Debug|Any CPU.Build.0 = Debug|Any CPU
		{B2B89B26-93BC-4E35-A9C9-B537D278589E}.Release|Any CPU.ActiveCfg = Release|Any CPU
		{B2B89B26-93BC-4E35-A9C9-B537D278589E}.Release|Any CPU.Build.0 = Release|Any CPU
		{547509C4-7D88-491F-B5C7-EB74C967D1FB}.Debug|Any CPU.ActiveCfg = Debug|Any CPU
		{547509C4-7D88-491F-B5C7-EB74C967D1FB}.Debug|Any CPU.Build.0 = Debug|Any CPU
		{547509C4-7D88-491F-B5C7-EB74C967D1FB}.Release|Any CPU.ActiveCfg = Release|Any CPU
		{547509C4-7D88-491F-B5C7-EB74C967D1FB}.Release|Any CPU.Build.0 = Release|Any CPU
		{B387D120-D863-419F-AE5D-C1F8B555FA86}.Debug|Any CPU.ActiveCfg = Debug|Any CPU
		{B387D120-D863-419F-AE5D-C1F8B555FA86}.Debug|Any CPU.Build.0 = Debug|Any CPU
		{B387D120-D863-419F-AE5D-C1F8B555FA86}.Release|Any CPU.ActiveCfg = Release|Any CPU
		{B387D120-D863-419F-AE5D-C1F8B555FA86}.Release|Any CPU.Build.0 = Release|Any CPU
		{A6FCC992-32BF-49CA-9C54-307B3BA6ED2F}.Debug|Any CPU.ActiveCfg = Debug|Any CPU
		{A6FCC992-32BF-49CA-9C54-307B3BA6ED2F}.Debug|Any CPU.Build.0 = Debug|Any CPU
		{A6FCC992-32BF-49CA-9C54-307B3BA6ED2F}.Release|Any CPU.ActiveCfg = Release|Any CPU
		{A6FCC992-32BF-49CA-9C54-307B3BA6ED2F}.Release|Any CPU.Build.0 = Release|Any CPU
		{E1A9AA00-3F26-4C55-8E13-FDC4E4D4C02C}.Debug|Any CPU.ActiveCfg = Debug|Any CPU
		{E1A9AA00-3F26-4C55-8E13-FDC4E4D4C02C}.Debug|Any CPU.Build.0 = Debug|Any CPU
		{E1A9AA00-3F26-4C55-8E13-FDC4E4D4C02C}.Release|Any CPU.ActiveCfg = Release|Any CPU
		{E1A9AA00-3F26-4C55-8E13-FDC4E4D4C02C}.Release|Any CPU.Build.0 = Release|Any CPU
		{CCC82E77-37F2-44AD-B905-74A9380681A4}.Debug|Any CPU.ActiveCfg = Debug|Any CPU
		{CCC82E77-37F2-44AD-B905-74A9380681A4}.Debug|Any CPU.Build.0 = Debug|Any CPU
		{CCC82E77-37F2-44AD-B905-74A9380681A4}.Release|Any CPU.ActiveCfg = Release|Any CPU
		{CCC82E77-37F2-44AD-B905-74A9380681A4}.Release|Any CPU.Build.0 = Release|Any CPU
	EndGlobalSection
	GlobalSection(SolutionProperties) = preSolution
		HideSolutionNode = FALSE
	EndGlobalSection
	GlobalSection(NestedProjects) = preSolution
		{F965E32B-73E8-48D6-9B91-650D27FB9BA9} = {36D591C7-65C7-A0D1-1CBC-10CDE441BDC8}
		{607D16AF-F7A0-4DEA-9632-F3F007995284} = {36D591C7-65C7-A0D1-1CBC-10CDE441BDC8}
		{E8416377-3857-43C7-9A38-1FCBB1E68311} = {36D591C7-65C7-A0D1-1CBC-10CDE441BDC8}
		{B1EE8D9E-8C2D-4EBB-B72A-A7F1F0BD4ECC} = {36D591C7-65C7-A0D1-1CBC-10CDE441BDC8}
		{AB187A3E-2658-44B8-9278-A668A5726371} = {79315DE6-658A-43E8-BDEF-F1EDBF3E9C70}
		{5DD891EA-DD95-4CB8-A5B3-D2F8F169DF94} = {79315DE6-658A-43E8-BDEF-F1EDBF3E9C70}
		{879453B0-2F61-4834-A581-43B7A6272F53} = {79315DE6-658A-43E8-BDEF-F1EDBF3E9C70}
		{A1CF822D-AE10-4428-B04F-06114C878BBA} = {79315DE6-658A-43E8-BDEF-F1EDBF3E9C70}
		{B2B89B26-93BC-4E35-A9C9-B537D278589E} = {5A8D5536-146E-4B8A-8117-A9BB8DD7B70C}
		{547509C4-7D88-491F-B5C7-EB74C967D1FB} = {5A8D5536-146E-4B8A-8117-A9BB8DD7B70C}
		{B387D120-D863-419F-AE5D-C1F8B555FA86} = {5A8D5536-146E-4B8A-8117-A9BB8DD7B70C}
		{A6FCC992-32BF-49CA-9C54-307B3BA6ED2F} = {5A8D5536-146E-4B8A-8117-A9BB8DD7B70C}
	EndGlobalSection
	GlobalSection(ExtensibilityGlobals) = postSolution
		SolutionGuid = {90CB8935-EEC7-4D7E-B243-8D31CFACDCF2}
	EndGlobalSection
EndGlobal
