
Microsoft Visual Studio Solution File, Format Version 12.00
# Visual Studio Version 17
VisualStudioVersion = 17.14.36121.58 d17.14
MinimumVisualStudioVersion = 10.0.40219.1
Project("{FAE04EC0-301F-11D3-BF4B-00C04F79EFBC}") = "Begin", "Begin\Begin.csproj", "{D1C9F04B-3299-4B74-AD1E-F05100A7DD30}"
EndProject
Global
	GlobalSection(SolutionConfigurationPlatforms) = preSolution
		Debug|Any CPU = Debug|Any CPU
		Release|Any CPU = Release|Any CPU
	EndGlobalSection
	GlobalSection(ProjectConfigurationPlatforms) = postSolution
		{D1C9F04B-3299-4B74-AD1E-F05100A7DD30}.Debug|Any CPU.ActiveCfg = Debug|Any CPU
		{D1C9F04B-3299-4B74-AD1E-F05100A7DD30}.Debug|Any CPU.Build.0 = Debug|Any CPU
		{D1C9F04B-3299-4B74-AD1E-F05100A7DD30}.Release|Any CPU.ActiveCfg = Release|Any CPU
		{D1C9F04B-3299-4B74-AD1E-F05100A7DD30}.Release|Any CPU.Build.0 = Release|Any CPU
	EndGlobalSection
	GlobalSection(SolutionProperties) = preSolution
		HideSolutionNode = FALSE
	EndGlobalSection
	GlobalSection(ExtensibilityGlobals) = postSolution
		SolutionGuid = {A6C2B136-EC3D-4132-82FB-C4D44A4A3E00}
	EndGlobalSection
EndGlobal
